{
  "name": "persmodule.github.io",
  "lockfileVersion": 3,
  "requires": true,
  "packages": {
    "": {
      "dependencies": {
        "highlightjs-luau": "^1.0.2"
      }
    },
    "node_modules/highlightjs-luau": {
      "version": "1.0.2",
      "resolved": "https://registry.npmjs.org/highlightjs-luau/-/highlightjs-luau-1.0.2.tgz",
      "integrity": "sha512-Ok3w6jclLPzqUlLI01DwsdO8IiSDneLrXPD+0XcBPlEw9JrzI2zZGeB9EcLASzifSSBz1f95mhJ7YuzxVz1x/w==",
      "license": "MIT"
    }
  }
}
